// !$*UTF8*$!
{
	archiveVersion = 1;
	classes = {
	};
	objectVersion = 56;
	objects = {

/* Begin PBXBuildFile section */
		ADBB91A82AF349B50005B06F /* ToDoListView.swift in Sources */ = {isa = PBXBuildFile; fileRef = ADBB91A72AF349B50005B06F /* ToDoListView.swift */; };
		ADBB91AA2AF34B0C0005B06F /* ToDoRowView.swift in Sources */ = {isa = PBXBuildFile; fileRef = ADBB91A92AF34B0C0005B06F /* ToDoRowView.swift */; };
		ADBB91AD2AF3521A0005B06F /* TaskModel.swift in Sources */ = {isa = PBXBuildFile; fileRef = ADBB91AC2AF3521A0005B06F /* TaskModel.swift */; };
		ADBB91B02AF359160005B06F /* ToDoListViewModel.swift in Sources */ = {isa = PBXBuildFile; fileRef = ADBB91AF2AF359160005B06F /* ToDoListViewModel.swift */; };
		ADD262532AE22AC30098ABF3 /* DayBudApp.swift in Sources */ = {isa = PBXBuildFile; fileRef = ADD262522AE22AC30098ABF3 /* DayBudApp.swift */; };
		ADD262572AE22AC70098ABF3 /* Assets.xcassets in Resources */ = {isa = PBXBuildFile; fileRef = ADD262562AE22AC70098ABF3 /* Assets.xcassets */; };
		ADD2625B2AE22AC70098ABF3 /* Preview Assets.xcassets in Resources */ = {isa = PBXBuildFile; fileRef = ADD2625A2AE22AC70098ABF3 /* Preview Assets.xcassets */; };
		ADD262652AE22AC70098ABF3 /* DayBudTests.swift in Sources */ = {isa = PBXBuildFile; fileRef = ADD262642AE22AC70098ABF3 /* DayBudTests.swift */; };
		ADD2626F2AE22AC70098ABF3 /* DayBudUITests.swift in Sources */ = {isa = PBXBuildFile; fileRef = ADD2626E2AE22AC70098ABF3 /* DayBudUITests.swift */; };
		ADD262712AE22AC70098ABF3 /* DayBudUITestsLaunchTests.swift in Sources */ = {isa = PBXBuildFile; fileRef = ADD262702AE22AC70098ABF3 /* DayBudUITestsLaunchTests.swift */; };
		D7110F6B2AFCA94F0043E89E /* DayViewModel.swift in Sources */ = {isa = PBXBuildFile; fileRef = D7110F6A2AFCA94F0043E89E /* DayViewModel.swift */; };
		D7CE82682AF470F40061A18F /* DayView.swift in Sources */ = {isa = PBXBuildFile; fileRef = D7CE82672AF470F40061A18F /* DayView.swift */; };
		EA27EA392B19A0E400C2E028 /* LocationManager.swift in Sources */ = {isa = PBXBuildFile; fileRef = EA27EA382B19A0E400C2E028 /* LocationManager.swift */; };
		EA27EA3B2B19A0EB00C2E028 /* WeatherManager.swift in Sources */ = {isa = PBXBuildFile; fileRef = EA27EA3A2B19A0EB00C2E028 /* WeatherManager.swift */; };
		EA27EA402B19A12500C2E028 /* LoadingView.swift in Sources */ = {isa = PBXBuildFile; fileRef = EA27EA3C2B19A12500C2E028 /* LoadingView.swift */; };
		EA27EA412B19A12500C2E028 /* WeatherView.swift in Sources */ = {isa = PBXBuildFile; fileRef = EA27EA3D2B19A12500C2E028 /* WeatherView.swift */; };
		EA27EA422B19A12500C2E028 /* WelcomeView.swift in Sources */ = {isa = PBXBuildFile; fileRef = EA27EA3E2B19A12500C2E028 /* WelcomeView.swift */; };
		EA27EA432B19A12500C2E028 /* ContentView.swift in Sources */ = {isa = PBXBuildFile; fileRef = EA27EA3F2B19A12500C2E028 /* ContentView.swift */; };
		EA27EA452B19A15F00C2E028 /* Extensions.swift in Sources */ = {isa = PBXBuildFile; fileRef = EA27EA442B19A15F00C2E028 /* Extensions.swift */; };
		EA27EA4A2B19A2D800C2E028 /* WeatherRow.swift in Sources */ = {isa = PBXBuildFile; fileRef = EA27EA492B19A2D800C2E028 /* WeatherRow.swift */; };
		EA27EA532B19A37900C2E028 /* weatherData.json in Resources */ = {isa = PBXBuildFile; fileRef = EA27EA512B19A37900C2E028 /* weatherData.json */; };
		EA27EA542B19A37900C2E028 /* ModelData.swift in Sources */ = {isa = PBXBuildFile; fileRef = EA27EA522B19A37900C2E028 /* ModelData.swift */; };
/* End PBXBuildFile section */

/* Begin PBXContainerItemProxy section */
		ADD262612AE22AC70098ABF3 /* PBXContainerItemProxy */ = {
			isa = PBXContainerItemProxy;
			containerPortal = ADD262472AE22AC30098ABF3 /* Project object */;
			proxyType = 1;
			remoteGlobalIDString = ADD2624E2AE22AC30098ABF3;
			remoteInfo = DayBud;
		};
		ADD2626B2AE22AC70098ABF3 /* PBXContainerItemProxy */ = {
			isa = PBXContainerItemProxy;
			containerPortal = ADD262472AE22AC30098ABF3 /* Project object */;
			proxyType = 1;
			remoteGlobalIDString = ADD2624E2AE22AC30098ABF3;
			remoteInfo = DayBud;
		};
/* End PBXContainerItemProxy section */

/* Begin PBXFileReference section */
		ADBB91A72AF349B50005B06F /* ToDoListView.swift */ = {isa = PBXFileReference; lastKnownFileType = sourcecode.swift; path = ToDoListView.swift; sourceTree = "<group>"; };
		ADBB91A92AF34B0C0005B06F /* ToDoRowView.swift */ = {isa = PBXFileReference; lastKnownFileType = sourcecode.swift; path = ToDoRowView.swift; sourceTree = "<group>"; };
		ADBB91AC2AF3521A0005B06F /* TaskModel.swift */ = {isa = PBXFileReference; lastKnownFileType = sourcecode.swift; path = TaskModel.swift; sourceTree = "<group>"; };
		ADBB91AF2AF359160005B06F /* ToDoListViewModel.swift */ = {isa = PBXFileReference; lastKnownFileType = sourcecode.swift; path = ToDoListViewModel.swift; sourceTree = "<group>"; };
		ADD2624F2AE22AC30098ABF3 /* DayBud.app */ = {isa = PBXFileReference; explicitFileType = wrapper.application; includeInIndex = 0; path = DayBud.app; sourceTree = BUILT_PRODUCTS_DIR; };
		ADD262522AE22AC30098ABF3 /* DayBudApp.swift */ = {isa = PBXFileReference; lastKnownFileType = sourcecode.swift; path = DayBudApp.swift; sourceTree = "<group>"; };
		ADD262562AE22AC70098ABF3 /* Assets.xcassets */ = {isa = PBXFileReference; lastKnownFileType = folder.assetcatalog; path = Assets.xcassets; sourceTree = "<group>"; };
		ADD262582AE22AC70098ABF3 /* DayBud.entitlements */ = {isa = PBXFileReference; lastKnownFileType = text.plist.entitlements; path = DayBud.entitlements; sourceTree = "<group>"; };
		ADD2625A2AE22AC70098ABF3 /* Preview Assets.xcassets */ = {isa = PBXFileReference; lastKnownFileType = folder.assetcatalog; path = "Preview Assets.xcassets"; sourceTree = "<group>"; };
		ADD262602AE22AC70098ABF3 /* DayBudTests.xctest */ = {isa = PBXFileReference; explicitFileType = wrapper.cfbundle; includeInIndex = 0; path = DayBudTests.xctest; sourceTree = BUILT_PRODUCTS_DIR; };
		ADD262642AE22AC70098ABF3 /* DayBudTests.swift */ = {isa = PBXFileReference; lastKnownFileType = sourcecode.swift; path = DayBudTests.swift; sourceTree = "<group>"; };
		ADD2626A2AE22AC70098ABF3 /* DayBudUITests.xctest */ = {isa = PBXFileReference; explicitFileType = wrapper.cfbundle; includeInIndex = 0; path = DayBudUITests.xctest; sourceTree = BUILT_PRODUCTS_DIR; };
		ADD2626E2AE22AC70098ABF3 /* DayBudUITests.swift */ = {isa = PBXFileReference; lastKnownFileType = sourcecode.swift; path = DayBudUITests.swift; sourceTree = "<group>"; };
		ADD262702AE22AC70098ABF3 /* DayBudUITestsLaunchTests.swift */ = {isa = PBXFileReference; lastKnownFileType = sourcecode.swift; path = DayBudUITestsLaunchTests.swift; sourceTree = "<group>"; };
		D7110F6A2AFCA94F0043E89E /* DayViewModel.swift */ = {isa = PBXFileReference; lastKnownFileType = sourcecode.swift; path = DayViewModel.swift; sourceTree = "<group>"; };
		D7CE82672AF470F40061A18F /* DayView.swift */ = {isa = PBXFileReference; lastKnownFileType = sourcecode.swift; path = DayView.swift; sourceTree = "<group>"; };
		EA27EA382B19A0E400C2E028 /* LocationManager.swift */ = {isa = PBXFileReference; fileEncoding = 4; lastKnownFileType = sourcecode.swift; path = LocationManager.swift; sourceTree = "<group>"; };
		EA27EA3A2B19A0EB00C2E028 /* WeatherManager.swift */ = {isa = PBXFileReference; fileEncoding = 4; lastKnownFileType = sourcecode.swift; path = WeatherManager.swift; sourceTree = "<group>"; };
		EA27EA3C2B19A12500C2E028 /* LoadingView.swift */ = {isa = PBXFileReference; fileEncoding = 4; lastKnownFileType = sourcecode.swift; path = LoadingView.swift; sourceTree = "<group>"; };
		EA27EA3D2B19A12500C2E028 /* WeatherView.swift */ = {isa = PBXFileReference; fileEncoding = 4; lastKnownFileType = sourcecode.swift; path = WeatherView.swift; sourceTree = "<group>"; };
		EA27EA3E2B19A12500C2E028 /* WelcomeView.swift */ = {isa = PBXFileReference; fileEncoding = 4; lastKnownFileType = sourcecode.swift; path = WelcomeView.swift; sourceTree = "<group>"; };
		EA27EA3F2B19A12500C2E028 /* ContentView.swift */ = {isa = PBXFileReference; fileEncoding = 4; lastKnownFileType = sourcecode.swift; path = ContentView.swift; sourceTree = "<group>"; };
		EA27EA442B19A15F00C2E028 /* Extensions.swift */ = {isa = PBXFileReference; fileEncoding = 4; lastKnownFileType = sourcecode.swift; path = Extensions.swift; sourceTree = "<group>"; };
		EA27EA492B19A2D800C2E028 /* WeatherRow.swift */ = {isa = PBXFileReference; fileEncoding = 4; lastKnownFileType = sourcecode.swift; path = WeatherRow.swift; sourceTree = "<group>"; };
		EA27EA512B19A37900C2E028 /* weatherData.json */ = {isa = PBXFileReference; fileEncoding = 4; lastKnownFileType = text.json; path = weatherData.json; sourceTree = "<group>"; };
		EA27EA522B19A37900C2E028 /* ModelData.swift */ = {isa = PBXFileReference; fileEncoding = 4; lastKnownFileType = sourcecode.swift; path = ModelData.swift; sourceTree = "<group>"; };
/* End PBXFileReference section */

/* Begin PBXFrameworksBuildPhase section */
		ADD2624C2AE22AC30098ABF3 /* Frameworks */ = {
			isa = PBXFrameworksBuildPhase;
			buildActionMask = 2147483647;
			files = (
			);
			runOnlyForDeploymentPostprocessing = 0;
		};
		ADD2625D2AE22AC70098ABF3 /* Frameworks */ = {
			isa = PBXFrameworksBuildPhase;
			buildActionMask = 2147483647;
			files = (
			);
			runOnlyForDeploymentPostprocessing = 0;
		};
		ADD262672AE22AC70098ABF3 /* Frameworks */ = {
			isa = PBXFrameworksBuildPhase;
			buildActionMask = 2147483647;
			files = (
			);
			runOnlyForDeploymentPostprocessing = 0;
		};
/* End PBXFrameworksBuildPhase section */

/* Begin PBXGroup section */
		ADBB91A62AF349A00005B06F /* Views */ = {
			isa = PBXGroup;
			children = (
				EA27EA3F2B19A12500C2E028 /* ContentView.swift */,
				EA27EA3C2B19A12500C2E028 /* LoadingView.swift */,
				EA27EA3D2B19A12500C2E028 /* WeatherView.swift */,
				EA27EA3E2B19A12500C2E028 /* WelcomeView.swift */,
				D7CE82672AF470F40061A18F /* DayView.swift */,
				ADBB91A72AF349B50005B06F /* ToDoListView.swift */,
				ADBB91A92AF34B0C0005B06F /* ToDoRowView.swift */,
			);
			path = Views;
			sourceTree = "<group>";
		};
		ADBB91AB2AF3520E0005B06F /* Models */ = {
			isa = PBXGroup;
			children = (
				ADBB91AC2AF3521A0005B06F /* TaskModel.swift */,
			);
			path = Models;
			sourceTree = "<group>";
		};
		ADBB91AE2AF358F40005B06F /* View Models */ = {
			isa = PBXGroup;
			children = (
				ADBB91AF2AF359160005B06F /* ToDoListViewModel.swift */,
				D7110F6A2AFCA94F0043E89E /* DayViewModel.swift */,
			);
			path = "View Models";
			sourceTree = "<group>";
		};
		ADD262462AE22AC30098ABF3 = {
			isa = PBXGroup;
			children = (
				ADD262512AE22AC30098ABF3 /* DayBud */,
				ADD262632AE22AC70098ABF3 /* DayBudTests */,
				ADD2626D2AE22AC70098ABF3 /* DayBudUITests */,
				ADD262502AE22AC30098ABF3 /* Products */,
			);
			sourceTree = "<group>";
		};
		ADD262502AE22AC30098ABF3 /* Products */ = {
			isa = PBXGroup;
			children = (
				ADD2624F2AE22AC30098ABF3 /* DayBud.app */,
				ADD262602AE22AC70098ABF3 /* DayBudTests.xctest */,
				ADD2626A2AE22AC70098ABF3 /* DayBudUITests.xctest */,
			);
			name = Products;
			sourceTree = "<group>";
		};
		ADD262512AE22AC30098ABF3 /* DayBud */ = {
			isa = PBXGroup;
			children = (
				EA27EA482B19A2BD00C2E028 /* Components */,
				EA27EA442B19A15F00C2E028 /* Extensions.swift */,
				EA27EA372B19A04900C2E028 /* Managers */,
				ADBB91AB2AF3520E0005B06F /* Models */,
				ADBB91AE2AF358F40005B06F /* View Models */,
				ADBB91A62AF349A00005B06F /* Views */,
				ADD262522AE22AC30098ABF3 /* DayBudApp.swift */,
				ADD262562AE22AC70098ABF3 /* Assets.xcassets */,
				ADD262582AE22AC70098ABF3 /* DayBud.entitlements */,
				ADD262592AE22AC70098ABF3 /* Preview Content */,
			);
			path = DayBud;
			sourceTree = "<group>";
		};
		ADD262592AE22AC70098ABF3 /* Preview Content */ = {
			isa = PBXGroup;
			children = (
				EA27EA522B19A37900C2E028 /* ModelData.swift */,
				EA27EA512B19A37900C2E028 /* weatherData.json */,
				ADD2625A2AE22AC70098ABF3 /* Preview Assets.xcassets */,
			);
			path = "Preview Content";
			sourceTree = "<group>";
		};
		ADD262632AE22AC70098ABF3 /* DayBudTests */ = {
			isa = PBXGroup;
			children = (
				ADD262642AE22AC70098ABF3 /* DayBudTests.swift */,
			);
			path = DayBudTests;
			sourceTree = "<group>";
		};
		ADD2626D2AE22AC70098ABF3 /* DayBudUITests */ = {
			isa = PBXGroup;
			children = (
				ADD2626E2AE22AC70098ABF3 /* DayBudUITests.swift */,
				ADD262702AE22AC70098ABF3 /* DayBudUITestsLaunchTests.swift */,
			);
			path = DayBudUITests;
			sourceTree = "<group>";
		};
		EA27EA372B19A04900C2E028 /* Managers */ = {
			isa = PBXGroup;
			children = (
				EA27EA3A2B19A0EB00C2E028 /* WeatherManager.swift */,
				EA27EA382B19A0E400C2E028 /* LocationManager.swift */,
			);
			path = Managers;
			sourceTree = "<group>";
		};
		EA27EA482B19A2BD00C2E028 /* Components */ = {
			isa = PBXGroup;
			children = (
				EA27EA492B19A2D800C2E028 /* WeatherRow.swift */,
			);
			path = Components;
			sourceTree = "<group>";
		};
/* End PBXGroup section */

/* Begin PBXNativeTarget section */
		ADD2624E2AE22AC30098ABF3 /* DayBud */ = {
			isa = PBXNativeTarget;
			buildConfigurationList = ADD262742AE22AC70098ABF3 /* Build configuration list for PBXNativeTarget "DayBud" */;
			buildPhases = (
				ADD2624B2AE22AC30098ABF3 /* Sources */,
				ADD2624C2AE22AC30098ABF3 /* Frameworks */,
				ADD2624D2AE22AC30098ABF3 /* Resources */,
			);
			buildRules = (
			);
			dependencies = (
			);
			name = DayBud;
			productName = DayBud;
			productReference = ADD2624F2AE22AC30098ABF3 /* DayBud.app */;
			productType = "com.apple.product-type.application";
		};
		ADD2625F2AE22AC70098ABF3 /* DayBudTests */ = {
			isa = PBXNativeTarget;
			buildConfigurationList = ADD262772AE22AC70098ABF3 /* Build configuration list for PBXNativeTarget "DayBudTests" */;
			buildPhases = (
				ADD2625C2AE22AC70098ABF3 /* Sources */,
				ADD2625D2AE22AC70098ABF3 /* Frameworks */,
				ADD2625E2AE22AC70098ABF3 /* Resources */,
			);
			buildRules = (
			);
			dependencies = (
				ADD262622AE22AC70098ABF3 /* PBXTargetDependency */,
			);
			name = DayBudTests;
			productName = DayBudTests;
			productReference = ADD262602AE22AC70098ABF3 /* DayBudTests.xctest */;
			productType = "com.apple.product-type.bundle.unit-test";
		};
		ADD262692AE22AC70098ABF3 /* DayBudUITests */ = {
			isa = PBXNativeTarget;
			buildConfigurationList = ADD2627A2AE22AC70098ABF3 /* Build configuration list for PBXNativeTarget "DayBudUITests" */;
			buildPhases = (
				ADD262662AE22AC70098ABF3 /* Sources */,
				ADD262672AE22AC70098ABF3 /* Frameworks */,
				ADD262682AE22AC70098ABF3 /* Resources */,
			);
			buildRules = (
			);
			dependencies = (
				ADD2626C2AE22AC70098ABF3 /* PBXTargetDependency */,
			);
			name = DayBudUITests;
			productName = DayBudUITests;
			productReference = ADD2626A2AE22AC70098ABF3 /* DayBudUITests.xctest */;
			productType = "com.apple.product-type.bundle.ui-testing";
		};
/* End PBXNativeTarget section */

/* Begin PBXProject section */
		ADD262472AE22AC30098ABF3 /* Project object */ = {
			isa = PBXProject;
			attributes = {
				BuildIndependentTargetsInParallel = 1;
				LastSwiftUpdateCheck = 1500;
				LastUpgradeCheck = 1500;
				TargetAttributes = {
					ADD2624E2AE22AC30098ABF3 = {
						CreatedOnToolsVersion = 15.0;
					};
					ADD2625F2AE22AC70098ABF3 = {
						CreatedOnToolsVersion = 15.0;
						TestTargetID = ADD2624E2AE22AC30098ABF3;
					};
					ADD262692AE22AC70098ABF3 = {
						CreatedOnToolsVersion = 15.0;
						TestTargetID = ADD2624E2AE22AC30098ABF3;
					};
				};
			};
			buildConfigurationList = ADD2624A2AE22AC30098ABF3 /* Build configuration list for PBXProject "DayBud" */;
			compatibilityVersion = "Xcode 14.0";
			developmentRegion = en;
			hasScannedForEncodings = 0;
			knownRegions = (
				en,
				Base,
			);
			mainGroup = ADD262462AE22AC30098ABF3;
			productRefGroup = ADD262502AE22AC30098ABF3 /* Products */;
			projectDirPath = "";
			projectRoot = "";
			targets = (
				ADD2624E2AE22AC30098ABF3 /* DayBud */,
				ADD2625F2AE22AC70098ABF3 /* DayBudTests */,
				ADD262692AE22AC70098ABF3 /* DayBudUITests */,
			);
		};
/* End PBXProject section */

/* Begin PBXResourcesBuildPhase section */
		ADD2624D2AE22AC30098ABF3 /* Resources */ = {
			isa = PBXResourcesBuildPhase;
			buildActionMask = 2147483647;
			files = (
				ADD2625B2AE22AC70098ABF3 /* Preview Assets.xcassets in Resources */,
				EA27EA532B19A37900C2E028 /* weatherData.json in Resources */,
				ADD262572AE22AC70098ABF3 /* Assets.xcassets in Resources */,
			);
			runOnlyForDeploymentPostprocessing = 0;
		};
		ADD2625E2AE22AC70098ABF3 /* Resources */ = {
			isa = PBXResourcesBuildPhase;
			buildActionMask = 2147483647;
			files = (
			);
			runOnlyForDeploymentPostprocessing = 0;
		};
		ADD262682AE22AC70098ABF3 /* Resources */ = {
			isa = PBXResourcesBuildPhase;
			buildActionMask = 2147483647;
			files = (
			);
			runOnlyForDeploymentPostprocessing = 0;
		};
/* End PBXResourcesBuildPhase section */

/* Begin PBXSourcesBuildPhase section */
		ADD2624B2AE22AC30098ABF3 /* Sources */ = {
			isa = PBXSourcesBuildPhase;
			buildActionMask = 2147483647;
			files = (
				EA27EA4A2B19A2D800C2E028 /* WeatherRow.swift in Sources */,
				EA27EA412B19A12500C2E028 /* WeatherView.swift in Sources */,
				D7CE82682AF470F40061A18F /* DayView.swift in Sources */,
				ADBB91A82AF349B50005B06F /* ToDoListView.swift in Sources */,
				ADD262532AE22AC30098ABF3 /* DayBudApp.swift in Sources */,
				EA27EA542B19A37900C2E028 /* ModelData.swift in Sources */,
				EA27EA402B19A12500C2E028 /* LoadingView.swift in Sources */,
				ADBB91AD2AF3521A0005B06F /* TaskModel.swift in Sources */,
				EA27EA392B19A0E400C2E028 /* LocationManager.swift in Sources */,
				EA27EA422B19A12500C2E028 /* WelcomeView.swift in Sources */,
				ADBB91AA2AF34B0C0005B06F /* ToDoRowView.swift in Sources */,
				EA27EA3B2B19A0EB00C2E028 /* WeatherManager.swift in Sources */,
				EA27EA432B19A12500C2E028 /* ContentView.swift in Sources */,
				ADBB91B02AF359160005B06F /* ToDoListViewModel.swift in Sources */,
				D7110F6B2AFCA94F0043E89E /* DayViewModel.swift in Sources */,
				EA27EA452B19A15F00C2E028 /* Extensions.swift in Sources */,
			);
			runOnlyForDeploymentPostprocessing = 0;
		};
		ADD2625C2AE22AC70098ABF3 /* Sources */ = {
			isa = PBXSourcesBuildPhase;
			buildActionMask = 2147483647;
			files = (
				ADD262652AE22AC70098ABF3 /* DayBudTests.swift in Sources */,
			);
			runOnlyForDeploymentPostprocessing = 0;
		};
		ADD262662AE22AC70098ABF3 /* Sources */ = {
			isa = PBXSourcesBuildPhase;
			buildActionMask = 2147483647;
			files = (
				ADD2626F2AE22AC70098ABF3 /* DayBudUITests.swift in Sources */,
				ADD262712AE22AC70098ABF3 /* DayBudUITestsLaunchTests.swift in Sources */,
			);
			runOnlyForDeploymentPostprocessing = 0;
		};
/* End PBXSourcesBuildPhase section */

/* Begin PBXTargetDependency section */
		ADD262622AE22AC70098ABF3 /* PBXTargetDependency */ = {
			isa = PBXTargetDependency;
			target = ADD2624E2AE22AC30098ABF3 /* DayBud */;
			targetProxy = ADD262612AE22AC70098ABF3 /* PBXContainerItemProxy */;
		};
		ADD2626C2AE22AC70098ABF3 /* PBXTargetDependency */ = {
			isa = PBXTargetDependency;
			target = ADD2624E2AE22AC30098ABF3 /* DayBud */;
			targetProxy = ADD2626B2AE22AC70098ABF3 /* PBXContainerItemProxy */;
		};
/* End PBXTargetDependency section */

/* Begin XCBuildConfiguration section */
		ADD262722AE22AC70098ABF3 /* Debug */ = {
			isa = XCBuildConfiguration;
			buildSettings = {
				ALWAYS_SEARCH_USER_PATHS = NO;
				ASSETCATALOG_COMPILER_GENERATE_SWIFT_ASSET_SYMBOL_EXTENSIONS = YES;
				CLANG_ANALYZER_NONNULL = YES;
				CLANG_ANALYZER_NUMBER_OBJECT_CONVERSION = YES_AGGRESSIVE;
				CLANG_CXX_LANGUAGE_STANDARD = "gnu++20";
				CLANG_ENABLE_MODULES = YES;
				CLANG_ENABLE_OBJC_ARC = YES;
				CLANG_ENABLE_OBJC_WEAK = YES;
				CLANG_WARN_BLOCK_CAPTURE_AUTORELEASING = YES;
				CLANG_WARN_BOOL_CONVERSION = YES;
				CLANG_WARN_COMMA = YES;
				CLANG_WARN_CONSTANT_CONVERSION = YES;
				CLANG_WARN_DEPRECATED_OBJC_IMPLEMENTATIONS = YES;
				CLANG_WARN_DIRECT_OBJC_ISA_USAGE = YES_ERROR;
				CLANG_WARN_DOCUMENTATION_COMMENTS = YES;
				CLANG_WARN_EMPTY_BODY = YES;
				CLANG_WARN_ENUM_CONVERSION = YES;
				CLANG_WARN_INFINITE_RECURSION = YES;
				CLANG_WARN_INT_CONVERSION = YES;
				CLANG_WARN_NON_LITERAL_NULL_CONVERSION = YES;
				CLANG_WARN_OBJC_IMPLICIT_RETAIN_SELF = YES;
				CLANG_WARN_OBJC_LITERAL_CONVERSION = YES;
				CLANG_WARN_OBJC_ROOT_CLASS = YES_ERROR;
				CLANG_WARN_QUOTED_INCLUDE_IN_FRAMEWORK_HEADER = YES;
				CLANG_WARN_RANGE_LOOP_ANALYSIS = YES;
				CLANG_WARN_STRICT_PROTOTYPES = YES;
				CLANG_WARN_SUSPICIOUS_MOVE = YES;
				CLANG_WARN_UNGUARDED_AVAILABILITY = YES_AGGRESSIVE;
				CLANG_WARN_UNREACHABLE_CODE = YES;
				CLANG_WARN__DUPLICATE_METHOD_MATCH = YES;
				COPY_PHASE_STRIP = NO;
				DEBUG_INFORMATION_FORMAT = dwarf;
				ENABLE_STRICT_OBJC_MSGSEND = YES;
				ENABLE_TESTABILITY = YES;
				ENABLE_USER_SCRIPT_SANDBOXING = YES;
				GCC_C_LANGUAGE_STANDARD = gnu17;
				GCC_DYNAMIC_NO_PIC = NO;
				GCC_NO_COMMON_BLOCKS = YES;
				GCC_OPTIMIZATION_LEVEL = 0;
				GCC_PREPROCESSOR_DEFINITIONS = (
					"DEBUG=1",
					"$(inherited)",
				);
				GCC_WARN_64_TO_32_BIT_CONVERSION = YES;
				GCC_WARN_ABOUT_RETURN_TYPE = YES_ERROR;
				GCC_WARN_UNDECLARED_SELECTOR = YES;
				GCC_WARN_UNINITIALIZED_AUTOS = YES_AGGRESSIVE;
				GCC_WARN_UNUSED_FUNCTION = YES;
				GCC_WARN_UNUSED_VARIABLE = YES;
				LOCALIZATION_PREFERS_STRING_CATALOGS = YES;
				MTL_ENABLE_DEBUG_INFO = INCLUDE_SOURCE;
				MTL_FAST_MATH = YES;
				ONLY_ACTIVE_ARCH = YES;
				SWIFT_ACTIVE_COMPILATION_CONDITIONS = "DEBUG $(inherited)";
				SWIFT_OPTIMIZATION_LEVEL = "-Onone";
			};
			name = Debug;
		};
		ADD262732AE22AC70098ABF3 /* Release */ = {
			isa = XCBuildConfiguration;
			buildSettings = {
				ALWAYS_SEARCH_USER_PATHS = NO;
				ASSETCATALOG_COMPILER_GENERATE_SWIFT_ASSET_SYMBOL_EXTENSIONS = YES;
				CLANG_ANALYZER_NONNULL = YES;
				CLANG_ANALYZER_NUMBER_OBJECT_CONVERSION = YES_AGGRESSIVE;
				CLANG_CXX_LANGUAGE_STANDARD = "gnu++20";
				CLANG_ENABLE_MODULES = YES;
				CLANG_ENABLE_OBJC_ARC = YES;
				CLANG_ENABLE_OBJC_WEAK = YES;
				CLANG_WARN_BLOCK_CAPTURE_AUTORELEASING = YES;
				CLANG_WARN_BOOL_CONVERSION = YES;
				CLANG_WARN_COMMA = YES;
				CLANG_WARN_CONSTANT_CONVERSION = YES;
				CLANG_WARN_DEPRECATED_OBJC_IMPLEMENTATIONS = YES;
				CLANG_WARN_DIRECT_OBJC_ISA_USAGE = YES_ERROR;
				CLANG_WARN_DOCUMENTATION_COMMENTS = YES;
				CLANG_WARN_EMPTY_BODY = YES;
				CLANG_WARN_ENUM_CONVERSION = YES;
				CLANG_WARN_INFINITE_RECURSION = YES;
				CLANG_WARN_INT_CONVERSION = YES;
				CLANG_WARN_NON_LITERAL_NULL_CONVERSION = YES;
				CLANG_WARN_OBJC_IMPLICIT_RETAIN_SELF = YES;
				CLANG_WARN_OBJC_LITERAL_CONVERSION = YES;
				CLANG_WARN_OBJC_ROOT_CLASS = YES_ERROR;
				CLANG_WARN_QUOTED_INCLUDE_IN_FRAMEWORK_HEADER = YES;
				CLANG_WARN_RANGE_LOOP_ANALYSIS = YES;
				CLANG_WARN_STRICT_PROTOTYPES = YES;
				CLANG_WARN_SUSPICIOUS_MOVE = YES;
				CLANG_WARN_UNGUARDED_AVAILABILITY = YES_AGGRESSIVE;
				CLANG_WARN_UNREACHABLE_CODE = YES;
				CLANG_WARN__DUPLICATE_METHOD_MATCH = YES;
				COPY_PHASE_STRIP = NO;
				DEBUG_INFORMATION_FORMAT = "dwarf-with-dsym";
				ENABLE_NS_ASSERTIONS = NO;
				ENABLE_STRICT_OBJC_MSGSEND = YES;
				ENABLE_USER_SCRIPT_SANDBOXING = YES;
				GCC_C_LANGUAGE_STANDARD = gnu17;
				GCC_NO_COMMON_BLOCKS = YES;
				GCC_WARN_64_TO_32_BIT_CONVERSION = YES;
				GCC_WARN_ABOUT_RETURN_TYPE = YES_ERROR;
				GCC_WARN_UNDECLARED_SELECTOR = YES;
				GCC_WARN_UNINITIALIZED_AUTOS = YES_AGGRESSIVE;
				GCC_WARN_UNUSED_FUNCTION = YES;
				GCC_WARN_UNUSED_VARIABLE = YES;
				LOCALIZATION_PREFERS_STRING_CATALOGS = YES;
				MTL_ENABLE_DEBUG_INFO = NO;
				MTL_FAST_MATH = YES;
				SWIFT_COMPILATION_MODE = wholemodule;
			};
			name = Release;
		};
		ADD262752AE22AC70098ABF3 /* Debug */ = {
			isa = XCBuildConfiguration;
			buildSettings = {
				ASSETCATALOG_COMPILER_APPICON_NAME = AppIcon;
				ASSETCATALOG_COMPILER_GLOBAL_ACCENT_COLOR_NAME = AccentColor;
				CODE_SIGN_ENTITLEMENTS = DayBud/DayBud.entitlements;
				CODE_SIGN_STYLE = Automatic;
				CURRENT_PROJECT_VERSION = 1;
				DEVELOPMENT_ASSET_PATHS = "\"DayBud/Preview Content\"";
				DEVELOPMENT_TEAM = PWL2J6954V;
				ENABLE_PREVIEWS = YES;
				GENERATE_INFOPLIST_FILE = YES;
				"INFOPLIST_KEY_UIApplicationSceneManifest_Generation[sdk=iphoneos*]" = YES;
				"INFOPLIST_KEY_UIApplicationSceneManifest_Generation[sdk=iphonesimulator*]" = YES;
				"INFOPLIST_KEY_UIApplicationSupportsIndirectInputEvents[sdk=iphoneos*]" = YES;
				"INFOPLIST_KEY_UIApplicationSupportsIndirectInputEvents[sdk=iphonesimulator*]" = YES;
				"INFOPLIST_KEY_UILaunchScreen_Generation[sdk=iphoneos*]" = YES;
				"INFOPLIST_KEY_UILaunchScreen_Generation[sdk=iphonesimulator*]" = YES;
				"INFOPLIST_KEY_UIStatusBarStyle[sdk=iphoneos*]" = UIStatusBarStyleDefault;
				"INFOPLIST_KEY_UIStatusBarStyle[sdk=iphonesimulator*]" = UIStatusBarStyleDefault;
				INFOPLIST_KEY_UISupportedInterfaceOrientations_iPad = "UIInterfaceOrientationPortrait UIInterfaceOrientationPortraitUpsideDown UIInterfaceOrientationLandscapeLeft UIInterfaceOrientationLandscapeRight";
				INFOPLIST_KEY_UISupportedInterfaceOrientations_iPhone = "UIInterfaceOrientationPortrait UIInterfaceOrientationLandscapeLeft UIInterfaceOrientationLandscapeRight";
				IPHONEOS_DEPLOYMENT_TARGET = 16.0;
				LD_RUNPATH_SEARCH_PATHS = "@executable_path/Frameworks";
				"LD_RUNPATH_SEARCH_PATHS[sdk=macosx*]" = "@executable_path/../Frameworks";
				MACOSX_DEPLOYMENT_TARGET = 14.0;
				MARKETING_VERSION = 1.0;
				PRODUCT_BUNDLE_IDENTIFIER = "pl-team.DayBud";
				PRODUCT_NAME = "$(TARGET_NAME)";
				SDKROOT = auto;
				SUPPORTED_PLATFORMS = "iphoneos iphonesimulator";
				SUPPORTS_MACCATALYST = NO;
				SWIFT_EMIT_LOC_STRINGS = YES;
				SWIFT_VERSION = 5.0;
				TARGETED_DEVICE_FAMILY = "1,2";
			};
			name = Debug;
		};
		ADD262762AE22AC70098ABF3 /* Release */ = {
			isa = XCBuildConfiguration;
			buildSettings = {
				ASSETCATALOG_COMPILER_APPICON_NAME = AppIcon;
				ASSETCATALOG_COMPILER_GLOBAL_ACCENT_COLOR_NAME = AccentColor;
				CODE_SIGN_ENTITLEMENTS = DayBud/DayBud.entitlements;
				CODE_SIGN_STYLE = Automatic;
				CURRENT_PROJECT_VERSION = 1;
				DEVELOPMENT_ASSET_PATHS = "\"DayBud/Preview Content\"";
				DEVELOPMENT_TEAM = PWL2J6954V;
				ENABLE_PREVIEWS = YES;
				GENERATE_INFOPLIST_FILE = YES;
				"INFOPLIST_KEY_UIApplicationSceneManifest_Generation[sdk=iphoneos*]" = YES;
				"INFOPLIST_KEY_UIApplicationSceneManifest_Generation[sdk=iphonesimulator*]" = YES;
				"INFOPLIST_KEY_UIApplicationSupportsIndirectInputEvents[sdk=iphoneos*]" = YES;
				"INFOPLIST_KEY_UIApplicationSupportsIndirectInputEvents[sdk=iphonesimulator*]" = YES;
				"INFOPLIST_KEY_UILaunchScreen_Generation[sdk=iphoneos*]" = YES;
				"INFOPLIST_KEY_UILaunchScreen_Generation[sdk=iphonesimulator*]" = YES;
				"INFOPLIST_KEY_UIStatusBarStyle[sdk=iphoneos*]" = UIStatusBarStyleDefault;
				"INFOPLIST_KEY_UIStatusBarStyle[sdk=iphonesimulator*]" = UIStatusBarStyleDefault;
				INFOPLIST_KEY_UISupportedInterfaceOrientations_iPad = "UIInterfaceOrientationPortrait UIInterfaceOrientationPortraitUpsideDown UIInterfaceOrientationLandscapeLeft UIInterfaceOrientationLandscapeRight";
				INFOPLIST_KEY_UISupportedInterfaceOrientations_iPhone = "UIInterfaceOrientationPortrait UIInterfaceOrientationLandscapeLeft UIInterfaceOrientationLandscapeRight";
				IPHONEOS_DEPLOYMENT_TARGET = 16.0;
				LD_RUNPATH_SEARCH_PATHS = "@executable_path/Frameworks";
				"LD_RUNPATH_SEARCH_PATHS[sdk=macosx*]" = "@executable_path/../Frameworks";
				MACOSX_DEPLOYMENT_TARGET = 14.0;
				MARKETING_VERSION = 1.0;
				PRODUCT_BUNDLE_IDENTIFIER = "pl-team.DayBud";
				PRODUCT_NAME = "$(TARGET_NAME)";
				SDKROOT = auto;
				SUPPORTED_PLATFORMS = "iphoneos iphonesimulator";
				SUPPORTS_MACCATALYST = NO;
				SWIFT_EMIT_LOC_STRINGS = YES;
				SWIFT_VERSION = 5.0;
				TARGETED_DEVICE_FAMILY = "1,2";
			};
			name = Release;
		};
		ADD262782AE22AC70098ABF3 /* Debug */ = {
			isa = XCBuildConfiguration;
			buildSettings = {
				ALWAYS_EMBED_SWIFT_STANDARD_LIBRARIES = YES;
				BUNDLE_LOADER = "$(TEST_HOST)";
				CODE_SIGN_STYLE = Automatic;
				CURRENT_PROJECT_VERSION = 1;
				GENERATE_INFOPLIST_FILE = YES;
				IPHONEOS_DEPLOYMENT_TARGET = 17.0;
				MACOSX_DEPLOYMENT_TARGET = 14.0;
				MARKETING_VERSION = 1.0;
				PRODUCT_BUNDLE_IDENTIFIER = "pl-team.DayBudTests";
				PRODUCT_NAME = "$(TARGET_NAME)";
				SDKROOT = auto;
				SUPPORTED_PLATFORMS = "iphoneos iphonesimulator macosx";
				SWIFT_EMIT_LOC_STRINGS = NO;
				SWIFT_VERSION = 5.0;
				TARGETED_DEVICE_FAMILY = "1,2";
				TEST_HOST = "$(BUILT_PRODUCTS_DIR)/DayBud.app/$(BUNDLE_EXECUTABLE_FOLDER_PATH)/DayBud";
			};
			name = Debug;
		};
		ADD262792AE22AC70098ABF3 /* Release */ = {
			isa = XCBuildConfiguration;
			buildSettings = {
				ALWAYS_EMBED_SWIFT_STANDARD_LIBRARIES = YES;
				BUNDLE_LOADER = "$(TEST_HOST)";
				CODE_SIGN_STYLE = Automatic;
				CURRENT_PROJECT_VERSION = 1;
				GENERATE_INFOPLIST_FILE = YES;
				IPHONEOS_DEPLOYMENT_TARGET = 17.0;
				MACOSX_DEPLOYMENT_TARGET = 14.0;
				MARKETING_VERSION = 1.0;
				PRODUCT_BUNDLE_IDENTIFIER = "pl-team.DayBudTests";
				PRODUCT_NAME = "$(TARGET_NAME)";
				SDKROOT = auto;
				SUPPORTED_PLATFORMS = "iphoneos iphonesimulator macosx";
				SWIFT_EMIT_LOC_STRINGS = NO;
				SWIFT_VERSION = 5.0;
				TARGETED_DEVICE_FAMILY = "1,2";
				TEST_HOST = "$(BUILT_PRODUCTS_DIR)/DayBud.app/$(BUNDLE_EXECUTABLE_FOLDER_PATH)/DayBud";
			};
			name = Release;
		};
		ADD2627B2AE22AC70098ABF3 /* Debug */ = {
			isa = XCBuildConfiguration;
			buildSettings = {
				ALWAYS_EMBED_SWIFT_STANDARD_LIBRARIES = YES;
				CODE_SIGN_STYLE = Automatic;
				CURRENT_PROJECT_VERSION = 1;
				GENERATE_INFOPLIST_FILE = YES;
				IPHONEOS_DEPLOYMENT_TARGET = 17.0;
				MACOSX_DEPLOYMENT_TARGET = 14.0;
				MARKETING_VERSION = 1.0;
				PRODUCT_BUNDLE_IDENTIFIER = "pl-team.DayBudUITests";
				PRODUCT_NAME = "$(TARGET_NAME)";
				SDKROOT = auto;
				SUPPORTED_PLATFORMS = "iphoneos iphonesimulator macosx";
				SWIFT_EMIT_LOC_STRINGS = NO;
				SWIFT_VERSION = 5.0;
				TARGETED_DEVICE_FAMILY = "1,2";
				TEST_TARGET_NAME = DayBud;
			};
			name = Debug;
		};
		ADD2627C2AE22AC70098ABF3 /* Release */ = {
			isa = XCBuildConfiguration;
			buildSettings = {
				ALWAYS_EMBED_SWIFT_STANDARD_LIBRARIES = YES;
				CODE_SIGN_STYLE = Automatic;
				CURRENT_PROJECT_VERSION = 1;
				GENERATE_INFOPLIST_FILE = YES;
				IPHONEOS_DEPLOYMENT_TARGET = 17.0;
				MACOSX_DEPLOYMENT_TARGET = 14.0;
				MARKETING_VERSION = 1.0;
				PRODUCT_BUNDLE_IDENTIFIER = "pl-team.DayBudUITests";
				PRODUCT_NAME = "$(TARGET_NAME)";
				SDKROOT = auto;
				SUPPORTED_PLATFORMS = "iphoneos iphonesimulator macosx";
				SWIFT_EMIT_LOC_STRINGS = NO;
				SWIFT_VERSION = 5.0;
				TARGETED_DEVICE_FAMILY = "1,2";
				TEST_TARGET_NAME = DayBud;
			};
			name = Release;
		};
/* End XCBuildConfiguration section */

/* Begin XCConfigurationList section */
		ADD2624A2AE22AC30098ABF3 /* Build configuration list for PBXProject "DayBud" */ = {
			isa = XCConfigurationList;
			buildConfigurations = (
				ADD262722AE22AC70098ABF3 /* Debug */,
				ADD262732AE22AC70098ABF3 /* Release */,
			);
			defaultConfigurationIsVisible = 0;
			defaultConfigurationName = Release;
		};
		ADD262742AE22AC70098ABF3 /* Build configuration list for PBXNativeTarget "DayBud" */ = {
			isa = XCConfigurationList;
			buildConfigurations = (
				ADD262752AE22AC70098ABF3 /* Debug */,
				ADD262762AE22AC70098ABF3 /* Release */,
			);
			defaultConfigurationIsVisible = 0;
			defaultConfigurationName = Release;
		};
		ADD262772AE22AC70098ABF3 /* Build configuration list for PBXNativeTarget "DayBudTests" */ = {
			isa = XCConfigurationList;
			buildConfigurations = (
				ADD262782AE22AC70098ABF3 /* Debug */,
				ADD262792AE22AC70098ABF3 /* Release */,
			);
			defaultConfigurationIsVisible = 0;
			defaultConfigurationName = Release;
		};
		ADD2627A2AE22AC70098ABF3 /* Build configuration list for PBXNativeTarget "DayBudUITests" */ = {
			isa = XCConfigurationList;
			buildConfigurations = (
				ADD2627B2AE22AC70098ABF3 /* Debug */,
				ADD2627C2AE22AC70098ABF3 /* Release */,
			);
			defaultConfigurationIsVisible = 0;
			defaultConfigurationName = Release;
		};
/* End XCConfigurationList section */
	};
	rootObject = ADD262472AE22AC30098ABF3 /* Project object */;
}
